
Microsoft Visual Studio Solution File, Format Version 12.00
# Visual Studio Version 17
VisualStudioVersion = 17.1.32319.34
MinimumVisualStudioVersion = 10.0.40219.1
Project("{9A19103F-16F7-4668-BE54-9A1E7A4F7556}") = "LogDemo", "LogDemo\LogDemo.csproj", "{823E0037-EF9C-475C-8CA3-91D5FBC54B23}"
EndProject
Project("{2150E333-8FDC-42A3-9474-1A3956D46DE8}") = "简单示例", "简单示例", "{FA4F1CFF-CB7F-42B0-B727-F0CAE0C7CA86}"
EndProject
Project("{9A19103F-16F7-4668-BE54-9A1E7A4F7556}") = "RetryDemo", "src\RetryDemo\RetryDemo.csproj", "{CBEEEDB8-1887-4146-8260-EFB4C96AD339}"
EndProject
Project("{9A19103F-16F7-4668-BE54-9A1E7A4F7556}") = "PropertyDemo", "src\PropertyDemo\PropertyDemo.csproj", "{5C8A9D84-3433-4D4D-92F6-DE03A7224918}"
EndProject
Project("{9A19103F-16F7-4668-BE54-9A1E7A4F7556}") = "TypeDemo", "src\TypeDemo\TypeDemo.csproj", "{F3D4184D-C3FB-4124-84DD-13BD8A38E669}"
EndProject
Project("{9A19103F-16F7-4668-BE54-9A1E7A4F7556}") = "LogWithWarning", "src\LogWithWarning\LogWithWarning.csproj", "{59F402A6-F6AB-4AC5-9C64-CCD5E11E5D02}"
EndProject
Project("{FAE04EC0-301F-11D3-BF4B-00C04F79EFBC}") = "FabricLogDemo", "src\FabricsLogDemo\FabricLogDemo.csproj", "{1BA2B47D-AEB0-4A53-8485-0B064CCD040E}"
EndProject
Project("{2150E333-8FDC-42A3-9474-1A3956D46DE8}") = "Aspects", "Aspects", "{021FED0C-ECBB-4D32-BB01-29750DA17591}"
EndProject
Project("{2150E333-8FDC-42A3-9474-1A3956D46DE8}") = "代码分析", "代码分析", "{DCF39A6A-F034-43EA-9604-F862E4545F02}"
EndProject
Project("{2150E333-8FDC-42A3-9474-1A3956D46DE8}") = "Fabrics", "Fabrics", "{E51B29E9-A166-44BA-BDA2-7D418A1BE424}"
EndProject
Project("{FAE04EC0-301F-11D3-BF4B-00C04F79EFBC}") = "FabricCamelCase", "src\FabricCamelCase\FabricCamelCase.csproj", "{158C11CF-EB95-44DB-B065-44E0027C623F}"
EndProject
Global
	GlobalSection(SolutionConfigurationPlatforms) = preSolution
		Debug|Any CPU = Debug|Any CPU
		LamaDebug|Any CPU = LamaDebug|Any CPU
		Release|Any CPU = Release|Any CPU
	EndGlobalSection
	GlobalSection(ProjectConfigurationPlatforms) = postSolution
		{823E0037-EF9C-475C-8CA3-91D5FBC54B23}.Debug|Any CPU.ActiveCfg = Debug|Any CPU
		{823E0037-EF9C-475C-8CA3-91D5FBC54B23}.Debug|Any CPU.Build.0 = Debug|Any CPU
		{823E0037-EF9C-475C-8CA3-91D5FBC54B23}.LamaDebug|Any CPU.ActiveCfg = LamaDebug|Any CPU
		{823E0037-EF9C-475C-8CA3-91D5FBC54B23}.LamaDebug|Any CPU.Build.0 = LamaDebug|Any CPU
		{823E0037-EF9C-475C-8CA3-91D5FBC54B23}.Release|Any CPU.ActiveCfg = Release|Any CPU
		{823E0037-EF9C-475C-8CA3-91D5FBC54B23}.Release|Any CPU.Build.0 = Release|Any CPU
		{CBEEEDB8-1887-4146-8260-EFB4C96AD339}.Debug|Any CPU.ActiveCfg = Debug|Any CPU
		{CBEEEDB8-1887-4146-8260-EFB4C96AD339}.Debug|Any CPU.Build.0 = Debug|Any CPU
		{CBEEEDB8-1887-4146-8260-EFB4C96AD339}.LamaDebug|Any CPU.ActiveCfg = LamaDebug|Any CPU
		{CBEEEDB8-1887-4146-8260-EFB4C96AD339}.LamaDebug|Any CPU.Build.0 = LamaDebug|Any CPU
		{CBEEEDB8-1887-4146-8260-EFB4C96AD339}.Release|Any CPU.ActiveCfg = Release|Any CPU
		{CBEEEDB8-1887-4146-8260-EFB4C96AD339}.Release|Any CPU.Build.0 = Release|Any CPU
		{5C8A9D84-3433-4D4D-92F6-DE03A7224918}.Debug|Any CPU.ActiveCfg = Debug|Any CPU
		{5C8A9D84-3433-4D4D-92F6-DE03A7224918}.Debug|Any CPU.Build.0 = Debug|Any CPU
		{5C8A9D84-3433-4D4D-92F6-DE03A7224918}.LamaDebug|Any CPU.ActiveCfg = Debug|Any CPU
		{5C8A9D84-3433-4D4D-92F6-DE03A7224918}.LamaDebug|Any CPU.Build.0 = Debug|Any CPU
		{5C8A9D84-3433-4D4D-92F6-DE03A7224918}.Release|Any CPU.ActiveCfg = Release|Any CPU
		{5C8A9D84-3433-4D4D-92F6-DE03A7224918}.Release|Any CPU.Build.0 = Release|Any CPU
		{F3D4184D-C3FB-4124-84DD-13BD8A38E669}.Debug|Any CPU.ActiveCfg = Debug|Any CPU
		{F3D4184D-C3FB-4124-84DD-13BD8A38E669}.Debug|Any CPU.Build.0 = Debug|Any CPU
		{F3D4184D-C3FB-4124-84DD-13BD8A38E669}.LamaDebug|Any CPU.ActiveCfg = Debug|Any CPU
		{F3D4184D-C3FB-4124-84DD-13BD8A38E669}.LamaDebug|Any CPU.Build.0 = Debug|Any CPU
		{F3D4184D-C3FB-4124-84DD-13BD8A38E669}.Release|Any CPU.ActiveCfg = Release|Any CPU
		{F3D4184D-C3FB-4124-84DD-13BD8A38E669}.Release|Any CPU.Build.0 = Release|Any CPU
		{59F402A6-F6AB-4AC5-9C64-CCD5E11E5D02}.Debug|Any CPU.ActiveCfg = Debug|Any CPU
		{59F402A6-F6AB-4AC5-9C64-CCD5E11E5D02}.Debug|Any CPU.Build.0 = Debug|Any CPU
		{59F402A6-F6AB-4AC5-9C64-CCD5E11E5D02}.LamaDebug|Any CPU.ActiveCfg = Debug|Any CPU
		{59F402A6-F6AB-4AC5-9C64-CCD5E11E5D02}.LamaDebug|Any CPU.Build.0 = Debug|Any CPU
		{59F402A6-F6AB-4AC5-9C64-CCD5E11E5D02}.Release|Any CPU.ActiveCfg = Release|Any CPU
		{59F402A6-F6AB-4AC5-9C64-CCD5E11E5D02}.Release|Any CPU.Build.0 = Release|Any CPU
		{1BA2B47D-AEB0-4A53-8485-0B064CCD040E}.Debug|Any CPU.ActiveCfg = Debug|Any CPU
		{1BA2B47D-AEB0-4A53-8485-0B064CCD040E}.Debug|Any CPU.Build.0 = Debug|Any CPU
		{1BA2B47D-AEB0-4A53-8485-0B064CCD040E}.LamaDebug|Any CPU.ActiveCfg = Debug|Any CPU
		{1BA2B47D-AEB0-4A53-8485-0B064CCD040E}.LamaDebug|Any CPU.Build.0 = Debug|Any CPU
		{1BA2B47D-AEB0-4A53-8485-0B064CCD040E}.Release|Any CPU.ActiveCfg = Release|Any CPU
		{1BA2B47D-AEB0-4A53-8485-0B064CCD040E}.Release|Any CPU.Build.0 = Release|Any CPU
		{158C11CF-EB95-44DB-B065-44E0027C623F}.Debug|Any CPU.ActiveCfg = Debug|Any CPU
		{158C11CF-EB95-44DB-B065-44E0027C623F}.Debug|Any CPU.Build.0 = Debug|Any CPU
		{158C11CF-EB95-44DB-B065-44E0027C623F}.LamaDebug|Any CPU.ActiveCfg = Debug|Any CPU
		{158C11CF-EB95-44DB-B065-44E0027C623F}.LamaDebug|Any CPU.Build.0 = Debug|Any CPU
		{158C11CF-EB95-44DB-B065-44E0027C623F}.Release|Any CPU.ActiveCfg = Release|Any CPU
		{158C11CF-EB95-44DB-B065-44E0027C623F}.Release|Any CPU.Build.0 = Release|Any CPU
	EndGlobalSection
	GlobalSection(SolutionProperties) = preSolution
		HideSolutionNode = FALSE
	EndGlobalSection
	GlobalSection(NestedProjects) = preSolution
		{823E0037-EF9C-475C-8CA3-91D5FBC54B23} = {FA4F1CFF-CB7F-42B0-B727-F0CAE0C7CA86}
		{CBEEEDB8-1887-4146-8260-EFB4C96AD339} = {021FED0C-ECBB-4D32-BB01-29750DA17591}
		{5C8A9D84-3433-4D4D-92F6-DE03A7224918} = {021FED0C-ECBB-4D32-BB01-29750DA17591}
		{F3D4184D-C3FB-4124-84DD-13BD8A38E669} = {021FED0C-ECBB-4D32-BB01-29750DA17591}
		{59F402A6-F6AB-4AC5-9C64-CCD5E11E5D02} = {DCF39A6A-F034-43EA-9604-F862E4545F02}
		{1BA2B47D-AEB0-4A53-8485-0B064CCD040E} = {E51B29E9-A166-44BA-BDA2-7D418A1BE424}
		{158C11CF-EB95-44DB-B065-44E0027C623F} = {E51B29E9-A166-44BA-BDA2-7D418A1BE424}
	EndGlobalSection
	GlobalSection(ExtensibilityGlobals) = postSolution
		SolutionGuid = {36589D6B-62B5-414C-8F78-E269404E6A3D}
	EndGlobalSection
EndGlobal
